{
  "name": "objects-to-csv",
  "version": "1.0.0",
  "lockfileVersion": 1,
  "requires": true,
  "dependencies": {
    "async-csv": {
      "version": "1.0.0",
      "resolved": "https://registry.npmjs.org/async-csv/-/async-csv-1.0.0.tgz",
      "integrity": "sha512-gEw4w80D14BpQv0o+N2UJcQzW/PZMfUWP6QPCqELWQtiOPNDpsMXeljYQk77U7+ytoCzi+jjv1O7vSkCefe2og==",
      "requires": {
        "csv": "2.0.0"
      }
    },
    "csv": {
      "version": "2.0.0",
      "resolved": "https://registry.npmjs.org/csv/-/csv-2.0.0.tgz",
      "integrity": "sha1-DVHY+j7OJ4tUCfeVcX/PzVrOmz4=",
      "requires": {
        "csv-generate": "2.0.2",
        "csv-parse": "2.0.4",
        "csv-stringify": "2.0.4",
        "stream-transform": "1.0.2"
      }
    },
    "csv-generate": {
      "version": "2.0.2",
      "resolved": "https://registry.npmjs.org/csv-generate/-/csv-generate-2.0.2.tgz",
      "integrity": "sha512-oyidhQ/sQcqKOyt+hRnL9oiqFFWsEkOwBE7tEV3pwku6dSuFUQqTGfhYXH/HZ3rKy8xBtcrwsspmXVo+LPijuA=="
    },
    "csv-parse": {
      "version": "2.0.4",
      "resolved": "https://registry.npmjs.org/csv-parse/-/csv-parse-2.0.4.tgz",
      "integrity": "sha512-Kg6gTYPQQX4DcwSDFJ1DJupOjWFyzjPFxTqkPP7bVehzRENjTTUx4XuiFwVhUIFt9Z5sShaMm/ebWvcA7U0j7A=="
    },
    "csv-stringify": {
      "version": "2.0.4",
      "resolved": "https://registry.npmjs.org/csv-stringify/-/csv-stringify-2.0.4.tgz",
      "integrity": "sha512-rm8JxNYXglaDKExA2KqCKY+jx8qVBSkXm8/bgw2BIyzLq1/qni/QMSPBchAkd8RGsJhMJDQ+ZxikG/Qgvck+gQ==",
      "requires": {
        "lodash.get": "4.4.2"
      }
    },
    "lodash.get": {
      "version": "4.4.2",
      "resolved": "https://registry.npmjs.org/lodash.get/-/lodash.get-4.4.2.tgz",
      "integrity": "sha1-LRd/ZS+jHpObRDjVNBSZ36OCXpk="
    },
    "stream-transform": {
      "version": "1.0.2",
      "resolved": "https://registry.npmjs.org/stream-transform/-/stream-transform-1.0.2.tgz",
      "integrity": "sha512-LNcZSF01PZ+bM0OqwPY7UHPiKoxSmLGHAcqakvh01DCU98ONEslLORdyBPdmTqjTpZSfCiaYLV4sci9y5M47oA=="
    }
  }
}
